
Microsoft Visual Studio Solution File, Format Version 12.00
# Visual Studio 15
VisualStudioVersion = 15.0.28307.1259
MinimumVisualStudioVersion = 10.0.40219.1
Project("{FAE04EC0-301F-11D3-BF4B-00C04F79EFBC}") = "Test.Android", "Test\Test.Android\Test.Android.csproj", "{CA8C3A39-1E4E-4C31-BE15-55A7A55C7BF4}"
EndProject
Project("{FAE04EC0-301F-11D3-BF4B-00C04F79EFBC}") = "Test.iOS", "Test\Test.iOS\Test.iOS.csproj", "{97440864-3775-4A4D-ACFE-DAC1E2E48017}"
EndProject
Project("{FAE04EC0-301F-11D3-BF4B-00C04F79EFBC}") = "Test.UWP", "Test\Test.UWP\Test.UWP.csproj", "{59D69633-7B4C-4641-83FE-BA9BB9DBB06B}"
EndProject
Project("{FAE04EC0-301F-11D3-BF4B-00C04F79EFBC}") = "Test", "Test\Test\Test.csproj", "{8D609AA6-55CA-4C5A-9CE3-A9BEB8C2CC50}"
EndProject
Global
	GlobalSection(SolutionConfigurationPlatforms) = preSolution
		Ad-Hoc|Any CPU = Ad-Hoc|Any CPU
		Ad-Hoc|ARM = Ad-Hoc|ARM
		Ad-Hoc|iPhone = Ad-Hoc|iPhone
		Ad-Hoc|iPhoneSimulator = Ad-Hoc|iPhoneSimulator
		Ad-Hoc|x64 = Ad-Hoc|x64
		Ad-Hoc|x86 = Ad-Hoc|x86
		AppStore|Any CPU = AppStore|Any CPU
		AppStore|ARM = AppStore|ARM
		AppStore|iPhone = AppStore|iPhone
		AppStore|iPhoneSimulator = AppStore|iPhoneSimulator
		AppStore|x64 = AppStore|x64
		AppStore|x86 = AppStore|x86
		Debug|Any CPU = Debug|Any CPU
		Debug|ARM = Debug|ARM
		Debug|iPhone = Debug|iPhone
		Debug|iPhoneSimulator = Debug|iPhoneSimulator
		Debug|x64 = Debug|x64
		Debug|x86 = Debug|x86
		Release|Any CPU = Release|Any CPU
		Release|ARM = Release|ARM
		Release|iPhone = Release|iPhone
		Release|iPhoneSimulator = Release|iPhoneSimulator
		Release|x64 = Release|x64
		Release|x86 = Release|x86
	EndGlobalSection
	GlobalSection(ProjectConfigurationPlatforms) = postSolution
		{CA8C3A39-1E4E-4C31-BE15-55A7A55C7BF4}.Ad-Hoc|Any CPU.ActiveCfg = Release|Any CPU
		{CA8C3A39-1E4E-4C31-BE15-55A7A55C7BF4}.Ad-Hoc|Any CPU.Build.0 = Release|Any CPU
		{CA8C3A39-1E4E-4C31-BE15-55A7A55C7BF4}.Ad-Hoc|Any CPU.Deploy.0 = Release|Any CPU
		{CA8C3A39-1E4E-4C31-BE15-55A7A55C7BF4}.Ad-Hoc|ARM.ActiveCfg = Release|Any CPU
		{CA8C3A39-1E4E-4C31-BE15-55A7A55C7BF4}.Ad-Hoc|ARM.Build.0 = Release|Any CPU
		{CA8C3A39-1E4E-4C31-BE15-55A7A55C7BF4}.Ad-Hoc|ARM.Deploy.0 = Release|Any CPU
		{CA8C3A39-1E4E-4C31-BE15-55A7A55C7BF4}.Ad-Hoc|iPhone.ActiveCfg = Release|Any CPU
		{CA8C3A39-1E4E-4C31-BE15-55A7A55C7BF4}.Ad-Hoc|iPhone.Build.0 = Release|Any CPU
		{CA8C3A39-1E4E-4C31-BE15-55A7A55C7BF4}.Ad-Hoc|iPhone.Deploy.0 = Release|Any CPU
		{CA8C3A39-1E4E-4C31-BE15-55A7A55C7BF4}.Ad-Hoc|iPhoneSimulator.ActiveCfg = Release|Any CPU
		{CA8C3A39-1E4E-4C31-BE15-55A7A55C7BF4}.Ad-Hoc|iPhoneSimulator.Build.0 = Release|Any CPU
		{CA8C3A39-1E4E-4C31-BE15-55A7A55C7BF4}.Ad-Hoc|iPhoneSimulator.Deploy.0 = Release|Any CPU
		{CA8C3A39-1E4E-4C31-BE15-55A7A55C7BF4}.Ad-Hoc|x64.ActiveCfg = Release|Any CPU
		{CA8C3A39-1E4E-4C31-BE15-55A7A55C7BF4}.Ad-Hoc|x64.Build.0 = Release|Any CPU
		{CA8C3A39-1E4E-4C31-BE15-55A7A55C7BF4}.Ad-Hoc|x64.Deploy.0 = Release|Any CPU
		{CA8C3A39-1E4E-4C31-BE15-55A7A55C7BF4}.Ad-Hoc|x86.ActiveCfg = Release|Any CPU
		{CA8C3A39-1E4E-4C31-BE15-55A7A55C7BF4}.Ad-Hoc|x86.Build.0 = Release|Any CPU
		{CA8C3A39-1E4E-4C31-BE15-55A7A55C7BF4}.Ad-Hoc|x86.Deploy.0 = Release|Any CPU
		{CA8C3A39-1E4E-4C31-BE15-55A7A55C7BF4}.AppStore|Any CPU.ActiveCfg = Release|Any CPU
		{CA8C3A39-1E4E-4C31-BE15-55A7A55C7BF4}.AppStore|Any CPU.Build.0 = Release|Any CPU
		{CA8C3A39-1E4E-4C31-BE15-55A7A55C7BF4}.AppStore|Any CPU.Deploy.0 = Release|Any CPU
		{CA8C3A39-1E4E-4C31-BE15-55A7A55C7BF4}.AppStore|ARM.ActiveCfg = Release|Any CPU
		{CA8C3A39-1E4E-4C31-BE15-55A7A55C7BF4}.AppStore|ARM.Build.0 = Release|Any CPU
		{CA8C3A39-1E4E-4C31-BE15-55A7A55C7BF4}.AppStore|ARM.Deploy.0 = Release|Any CPU
		{CA8C3A39-1E4E-4C31-BE15-55A7A55C7BF4}.AppStore|iPhone.ActiveCfg = Release|Any CPU
		{CA8C3A39-1E4E-4C31-BE15-55A7A55C7BF4}.AppStore|iPhone.Build.0 = Release|Any CPU
		{CA8C3A39-1E4E-4C31-BE15-55A7A55C7BF4}.AppStore|iPhone.Deploy.0 = Release|Any CPU
		{CA8C3A39-1E4E-4C31-BE15-55A7A55C7BF4}.AppStore|iPhoneSimulator.ActiveCfg = Release|Any CPU
		{CA8C3A39-1E4E-4C31-BE15-55A7A55C7BF4}.AppStore|iPhoneSimulator.Build.0 = Release|Any CPU
		{CA8C3A39-1E4E-4C31-BE15-55A7A55C7BF4}.AppStore|iPhoneSimulator.Deploy.0 = Release|Any CPU
		{CA8C3A39-1E4E-4C31-BE15-55A7A55C7BF4}.AppStore|x64.ActiveCfg = Release|Any CPU
		{CA8C3A39-1E4E-4C31-BE15-55A7A55C7BF4}.AppStore|x64.Build.0 = Release|Any CPU
		{CA8C3A39-1E4E-4C31-BE15-55A7A55C7BF4}.AppStore|x64.Deploy.0 = Release|Any CPU
		{CA8C3A39-1E4E-4C31-BE15-55A7A55C7BF4}.AppStore|x86.ActiveCfg = Release|Any CPU
		{CA8C3A39-1E4E-4C31-BE15-55A7A55C7BF4}.AppStore|x86.Build.0 = Release|Any CPU
		{CA8C3A39-1E4E-4C31-BE15-55A7A55C7BF4}.AppStore|x86.Deploy.0 = Release|Any CPU
		{CA8C3A39-1E4E-4C31-BE15-55A7A55C7BF4}.Debug|Any CPU.ActiveCfg = Debug|Any CPU
		{CA8C3A39-1E4E-4C31-BE15-55A7A55C7BF4}.Debug|Any CPU.Build.0 = Debug|Any CPU
		{CA8C3A39-1E4E-4C31-BE15-55A7A55C7BF4}.Debug|Any CPU.Deploy.0 = Debug|Any CPU
		{CA8C3A39-1E4E-4C31-BE15-55A7A55C7BF4}.Debug|ARM.ActiveCfg = Debug|Any CPU
		{CA8C3A39-1E4E-4C31-BE15-55A7A55C7BF4}.Debug|ARM.Build.0 = Debug|Any CPU
		{CA8C3A39-1E4E-4C31-BE15-55A7A55C7BF4}.Debug|ARM.Deploy.0 = Debug|Any CPU
		{CA8C3A39-1E4E-4C31-BE15-55A7A55C7BF4}.Debug|iPhone.ActiveCfg = Debug|Any CPU
		{CA8C3A39-1E4E-4C31-BE15-55A7A55C7BF4}.Debug|iPhone.Build.0 = Debug|Any CPU
		{CA8C3A39-1E4E-4C31-BE15-55A7A55C7BF4}.Debug|iPhone.Deploy.0 = Debug|Any CPU
		{CA8C3A39-1E4E-4C31-BE15-55A7A55C7BF4}.Debug|iPhoneSimulator.ActiveCfg = Debug|Any CPU
		{CA8C3A39-1E4E-4C31-BE15-55A7A55C7BF4}.Debug|iPhoneSimulator.Build.0 = Debug|Any CPU
		{CA8C3A39-1E4E-4C31-BE15-55A7A55C7BF4}.Debug|iPhoneSimulator.Deploy.0 = Debug|Any CPU
		{CA8C3A39-1E4E-4C31-BE15-55A7A55C7BF4}.Debug|x64.ActiveCfg = Debug|Any CPU
		{CA8C3A39-1E4E-4C31-BE15-55A7A55C7BF4}.Debug|x64.Build.0 = Debug|Any CPU
		{CA8C3A39-1E4E-4C31-BE15-55A7A55C7BF4}.Debug|x64.Deploy.0 = Debug|Any CPU
		{CA8C3A39-1E4E-4C31-BE15-55A7A55C7BF4}.Debug|x86.ActiveCfg = Debug|Any CPU
		{CA8C3A39-1E4E-4C31-BE15-55A7A55C7BF4}.Debug|x86.Build.0 = Debug|Any CPU
		{CA8C3A39-1E4E-4C31-BE15-55A7A55C7BF4}.Debug|x86.Deploy.0 = Debug|Any CPU
		{CA8C3A39-1E4E-4C31-BE15-55A7A55C7BF4}.Release|Any CPU.ActiveCfg = Release|Any CPU
		{CA8C3A39-1E4E-4C31-BE15-55A7A55C7BF4}.Release|Any CPU.Build.0 = Release|Any CPU
		{CA8C3A39-1E4E-4C31-BE15-55A7A55C7BF4}.Release|Any CPU.Deploy.0 = Release|Any CPU
		{CA8C3A39-1E4E-4C31-BE15-55A7A55C7BF4}.Release|ARM.ActiveCfg = Release|Any CPU
		{CA8C3A39-1E4E-4C31-BE15-55A7A55C7BF4}.Release|ARM.Build.0 = Release|Any CPU
		{CA8C3A39-1E4E-4C31-BE15-55A7A55C7BF4}.Release|ARM.Deploy.0 = Release|Any CPU
		{CA8C3A39-1E4E-4C31-BE15-55A7A55C7BF4}.Release|iPhone.ActiveCfg = Release|Any CPU
		{CA8C3A39-1E4E-4C31-BE15-55A7A55C7BF4}.Release|iPhone.Build.0 = Release|Any CPU
		{CA8C3A39-1E4E-4C31-BE15-55A7A55C7BF4}.Release|iPhone.Deploy.0 = Release|Any CPU
		{CA8C3A39-1E4E-4C31-BE15-55A7A55C7BF4}.Release|iPhoneSimulator.ActiveCfg = Release|Any CPU
		{CA8C3A39-1E4E-4C31-BE15-55A7A55C7BF4}.Release|iPhoneSimulator.Build.0 = Release|Any CPU
		{CA8C3A39-1E4E-4C31-BE15-55A7A55C7BF4}.Release|iPhoneSimulator.Deploy.0 = Release|Any CPU
		{CA8C3A39-1E4E-4C31-BE15-55A7A55C7BF4}.Release|x64.ActiveCfg = Release|Any CPU
		{CA8C3A39-1E4E-4C31-BE15-55A7A55C7BF4}.Release|x64.Build.0 = Release|Any CPU
		{CA8C3A39-1E4E-4C31-BE15-55A7A55C7BF4}.Release|x64.Deploy.0 = Release|Any CPU
		{CA8C3A39-1E4E-4C31-BE15-55A7A55C7BF4}.Release|x86.ActiveCfg = Release|Any CPU
		{CA8C3A39-1E4E-4C31-BE15-55A7A55C7BF4}.Release|x86.Build.0 = Release|Any CPU
		{CA8C3A39-1E4E-4C31-BE15-55A7A55C7BF4}.Release|x86.Deploy.0 = Release|Any CPU
		{97440864-3775-4A4D-ACFE-DAC1E2E48017}.Ad-Hoc|Any CPU.ActiveCfg = Ad-Hoc|iPhone
		{97440864-3775-4A4D-ACFE-DAC1E2E48017}.Ad-Hoc|Any CPU.Build.0 = Ad-Hoc|iPhone
		{97440864-3775-4A4D-ACFE-DAC1E2E48017}.Ad-Hoc|Any CPU.Deploy.0 = Ad-Hoc|iPhone
		{97440864-3775-4A4D-ACFE-DAC1E2E48017}.Ad-Hoc|ARM.ActiveCfg = Ad-Hoc|iPhone
		{97440864-3775-4A4D-ACFE-DAC1E2E48017}.Ad-Hoc|ARM.Build.0 = Ad-Hoc|iPhone
		{97440864-3775-4A4D-ACFE-DAC1E2E48017}.Ad-Hoc|ARM.Deploy.0 = Ad-Hoc|iPhone
		{97440864-3775-4A4D-ACFE-DAC1E2E48017}.Ad-Hoc|iPhone.ActiveCfg = Ad-Hoc|iPhone
		{97440864-3775-4A4D-ACFE-DAC1E2E48017}.Ad-Hoc|iPhone.Build.0 = Ad-Hoc|iPhone
		{97440864-3775-4A4D-ACFE-DAC1E2E48017}.Ad-Hoc|iPhone.Deploy.0 = Ad-Hoc|iPhone
		{97440864-3775-4A4D-ACFE-DAC1E2E48017}.Ad-Hoc|iPhoneSimulator.ActiveCfg = Ad-Hoc|iPhoneSimulator
		{97440864-3775-4A4D-ACFE-DAC1E2E48017}.Ad-Hoc|iPhoneSimulator.Build.0 = Ad-Hoc|iPhoneSimulator
		{97440864-3775-4A4D-ACFE-DAC1E2E48017}.Ad-Hoc|iPhoneSimulator.Deploy.0 = Ad-Hoc|iPhoneSimulator
		{97440864-3775-4A4D-ACFE-DAC1E2E48017}.Ad-Hoc|x64.ActiveCfg = Ad-Hoc|iPhone
		{97440864-3775-4A4D-ACFE-DAC1E2E48017}.Ad-Hoc|x64.Build.0 = Ad-Hoc|iPhone
		{97440864-3775-4A4D-ACFE-DAC1E2E48017}.Ad-Hoc|x64.Deploy.0 = Ad-Hoc|iPhone
		{97440864-3775-4A4D-ACFE-DAC1E2E48017}.Ad-Hoc|x86.ActiveCfg = Ad-Hoc|iPhone
		{97440864-3775-4A4D-ACFE-DAC1E2E48017}.Ad-Hoc|x86.Build.0 = Ad-Hoc|iPhone
		{97440864-3775-4A4D-ACFE-DAC1E2E48017}.Ad-Hoc|x86.Deploy.0 = Ad-Hoc|iPhone
		{97440864-3775-4A4D-ACFE-DAC1E2E48017}.AppStore|Any CPU.ActiveCfg = AppStore|iPhone
		{97440864-3775-4A4D-ACFE-DAC1E2E48017}.AppStore|Any CPU.Build.0 = AppStore|iPhone
		{97440864-3775-4A4D-ACFE-DAC1E2E48017}.AppStore|Any CPU.Deploy.0 = AppStore|iPhone
		{97440864-3775-4A4D-ACFE-DAC1E2E48017}.AppStore|ARM.ActiveCfg = AppStore|iPhone
		{97440864-3775-4A4D-ACFE-DAC1E2E48017}.AppStore|ARM.Build.0 = AppStore|iPhone
		{97440864-3775-4A4D-ACFE-DAC1E2E48017}.AppStore|ARM.Deploy.0 = AppStore|iPhone
		{97440864-3775-4A4D-ACFE-DAC1E2E48017}.AppStore|iPhone.ActiveCfg = AppStore|iPhone
		{97440864-3775-4A4D-ACFE-DAC1E2E48017}.AppStore|iPhone.Build.0 = AppStore|iPhone
		{97440864-3775-4A4D-ACFE-DAC1E2E48017}.AppStore|iPhone.Deploy.0 = AppStore|iPhone
		{97440864-3775-4A4D-ACFE-DAC1E2E48017}.AppStore|iPhoneSimulator.ActiveCfg = AppStore|iPhoneSimulator
		{97440864-3775-4A4D-ACFE-DAC1E2E48017}.AppStore|iPhoneSimulator.Build.0 = AppStore|iPhoneSimulator
		{97440864-3775-4A4D-ACFE-DAC1E2E48017}.AppStore|iPhoneSimulator.Deploy.0 = AppStore|iPhoneSimulator
		{97440864-3775-4A4D-ACFE-DAC1E2E48017}.AppStore|x64.ActiveCfg = AppStore|iPhone
		{97440864-3775-4A4D-ACFE-DAC1E2E48017}.AppStore|x64.Build.0 = AppStore|iPhone
		{97440864-3775-4A4D-ACFE-DAC1E2E48017}.AppStore|x64.Deploy.0 = AppStore|iPhone
		{97440864-3775-4A4D-ACFE-DAC1E2E48017}.AppStore|x86.ActiveCfg = AppStore|iPhone
		{97440864-3775-4A4D-ACFE-DAC1E2E48017}.AppStore|x86.Build.0 = AppStore|iPhone
		{97440864-3775-4A4D-ACFE-DAC1E2E48017}.AppStore|x86.Deploy.0 = AppStore|iPhone
		{97440864-3775-4A4D-ACFE-DAC1E2E48017}.Debug|Any CPU.ActiveCfg = Debug|iPhoneSimulator
		{97440864-3775-4A4D-ACFE-DAC1E2E48017}.Debug|Any CPU.Build.0 = Debug|iPhoneSimulator
		{97440864-3775-4A4D-ACFE-DAC1E2E48017}.Debug|Any CPU.Deploy.0 = Debug|iPhoneSimulator
		{97440864-3775-4A4D-ACFE-DAC1E2E48017}.Debug|ARM.ActiveCfg = Debug|iPhone
		{97440864-3775-4A4D-ACFE-DAC1E2E48017}.Debug|ARM.Build.0 = Debug|iPhone
		{97440864-3775-4A4D-ACFE-DAC1E2E48017}.Debug|ARM.Deploy.0 = Debug|iPhone
		{97440864-3775-4A4D-ACFE-DAC1E2E48017}.Debug|iPhone.ActiveCfg = Debug|iPhone
		{97440864-3775-4A4D-ACFE-DAC1E2E48017}.Debug|iPhone.Build.0 = Debug|iPhone
		{97440864-3775-4A4D-ACFE-DAC1E2E48017}.Debug|iPhone.Deploy.0 = Debug|iPhone
		{97440864-3775-4A4D-ACFE-DAC1E2E48017}.Debug|iPhoneSimulator.ActiveCfg = Debug|iPhoneSimulator
		{97440864-3775-4A4D-ACFE-DAC1E2E48017}.Debug|iPhoneSimulator.Build.0 = Debug|iPhoneSimulator
		{97440864-3775-4A4D-ACFE-DAC1E2E48017}.Debug|iPhoneSimulator.Deploy.0 = Debug|iPhoneSimulator
		{97440864-3775-4A4D-ACFE-DAC1E2E48017}.Debug|x64.ActiveCfg = Debug|iPhone
		{97440864-3775-4A4D-ACFE-DAC1E2E48017}.Debug|x64.Build.0 = Debug|iPhone
		{97440864-3775-4A4D-ACFE-DAC1E2E48017}.Debug|x64.Deploy.0 = Debug|iPhone
		{97440864-3775-4A4D-ACFE-DAC1E2E48017}.Debug|x86.ActiveCfg = Debug|iPhone
		{97440864-3775-4A4D-ACFE-DAC1E2E48017}.Debug|x86.Build.0 = Debug|iPhone
		{97440864-3775-4A4D-ACFE-DAC1E2E48017}.Debug|x86.Deploy.0 = Debug|iPhone
		{97440864-3775-4A4D-ACFE-DAC1E2E48017}.Release|Any CPU.ActiveCfg = Release|iPhone
		{97440864-3775-4A4D-ACFE-DAC1E2E48017}.Release|Any CPU.Build.0 = Release|iPhone
		{97440864-3775-4A4D-ACFE-DAC1E2E48017}.Release|Any CPU.Deploy.0 = Release|iPhone
		{97440864-3775-4A4D-ACFE-DAC1E2E48017}.Release|ARM.ActiveCfg = Release|iPhone
		{97440864-3775-4A4D-ACFE-DAC1E2E48017}.Release|ARM.Build.0 = Release|iPhone
		{97440864-3775-4A4D-ACFE-DAC1E2E48017}.Release|ARM.Deploy.0 = Release|iPhone
		{97440864-3775-4A4D-ACFE-DAC1E2E48017}.Release|iPhone.ActiveCfg = Release|iPhone
		{97440864-3775-4A4D-ACFE-DAC1E2E48017}.Release|iPhone.Build.0 = Release|iPhone
		{97440864-3775-4A4D-ACFE-DAC1E2E48017}.Release|iPhone.Deploy.0 = Release|iPhone
		{97440864-3775-4A4D-ACFE-DAC1E2E48017}.Release|iPhoneSimulator.ActiveCfg = Release|iPhoneSimulator
		{97440864-3775-4A4D-ACFE-DAC1E2E48017}.Release|iPhoneSimulator.Build.0 = Release|iPhoneSimulator
		{97440864-3775-4A4D-ACFE-DAC1E2E48017}.Release|iPhoneSimulator.Deploy.0 = Release|iPhoneSimulator
		{97440864-3775-4A4D-ACFE-DAC1E2E48017}.Release|x64.ActiveCfg = Release|iPhone
		{97440864-3775-4A4D-ACFE-DAC1E2E48017}.Release|x64.Build.0 = Release|iPhone
		{97440864-3775-4A4D-ACFE-DAC1E2E48017}.Release|x64.Deploy.0 = Release|iPhone
		{97440864-3775-4A4D-ACFE-DAC1E2E48017}.Release|x86.ActiveCfg = Release|iPhone
		{97440864-3775-4A4D-ACFE-DAC1E2E48017}.Release|x86.Build.0 = Release|iPhone
		{97440864-3775-4A4D-ACFE-DAC1E2E48017}.Release|x86.Deploy.0 = Release|iPhone
		{59D69633-7B4C-4641-83FE-BA9BB9DBB06B}.Ad-Hoc|Any CPU.ActiveCfg = Release|x86
		{59D69633-7B4C-4641-83FE-BA9BB9DBB06B}.Ad-Hoc|Any CPU.Build.0 = Release|x86
		{59D69633-7B4C-4641-83FE-BA9BB9DBB06B}.Ad-Hoc|Any CPU.Deploy.0 = Release|x86
		{59D69633-7B4C-4641-83FE-BA9BB9DBB06B}.Ad-Hoc|ARM.ActiveCfg = Release|ARM
		{59D69633-7B4C-4641-83FE-BA9BB9DBB06B}.Ad-Hoc|ARM.Build.0 = Release|ARM
		{59D69633-7B4C-4641-83FE-BA9BB9DBB06B}.Ad-Hoc|ARM.Deploy.0 = Release|ARM
		{59D69633-7B4C-4641-83FE-BA9BB9DBB06B}.Ad-Hoc|iPhone.ActiveCfg = Release|x86
		{59D69633-7B4C-4641-83FE-BA9BB9DBB06B}.Ad-Hoc|iPhone.Build.0 = Release|x86
		{59D69633-7B4C-4641-83FE-BA9BB9DBB06B}.Ad-Hoc|iPhone.Deploy.0 = Release|x86
		{59D69633-7B4C-4641-83FE-BA9BB9DBB06B}.Ad-Hoc|iPhoneSimulator.ActiveCfg = Release|x86
		{59D69633-7B4C-4641-83FE-BA9BB9DBB06B}.Ad-Hoc|iPhoneSimulator.Build.0 = Release|x86
		{59D69633-7B4C-4641-83FE-BA9BB9DBB06B}.Ad-Hoc|iPhoneSimulator.Deploy.0 = Release|x86
		{59D69633-7B4C-4641-83FE-BA9BB9DBB06B}.Ad-Hoc|x64.ActiveCfg = Release|x64
		{59D69633-7B4C-4641-83FE-BA9BB9DBB06B}.Ad-Hoc|x64.Build.0 = Release|x64
		{59D69633-7B4C-4641-83FE-BA9BB9DBB06B}.Ad-Hoc|x64.Deploy.0 = Release|x64
		{59D69633-7B4C-4641-83FE-BA9BB9DBB06B}.Ad-Hoc|x86.ActiveCfg = Release|x86
		{59D69633-7B4C-4641-83FE-BA9BB9DBB06B}.Ad-Hoc|x86.Build.0 = Release|x86
		{59D69633-7B4C-4641-83FE-BA9BB9DBB06B}.Ad-Hoc|x86.Deploy.0 = Release|x86
		{59D69633-7B4C-4641-83FE-BA9BB9DBB06B}.AppStore|Any CPU.ActiveCfg = Release|x86
		{59D69633-7B4C-4641-83FE-BA9BB9DBB06B}.AppStore|Any CPU.Build.0 = Release|x86
		{59D69633-7B4C-4641-83FE-BA9BB9DBB06B}.AppStore|Any CPU.Deploy.0 = Release|x86
		{59D69633-7B4C-4641-83FE-BA9BB9DBB06B}.AppStore|ARM.ActiveCfg = Release|ARM
		{59D69633-7B4C-4641-83FE-BA9BB9DBB06B}.AppStore|ARM.Build.0 = Release|ARM
		{59D69633-7B4C-4641-83FE-BA9BB9DBB06B}.AppStore|ARM.Deploy.0 = Release|ARM
		{59D69633-7B4C-4641-83FE-BA9BB9DBB06B}.AppStore|iPhone.ActiveCfg = Release|x86
		{59D69633-7B4C-4641-83FE-BA9BB9DBB06B}.AppStore|iPhone.Build.0 = Release|x86
		{59D69633-7B4C-4641-83FE-BA9BB9DBB06B}.AppStore|iPhone.Deploy.0 = Release|x86
		{59D69633-7B4C-4641-83FE-BA9BB9DBB06B}.AppStore|iPhoneSimulator.ActiveCfg = Release|x86
		{59D69633-7B4C-4641-83FE-BA9BB9DBB06B}.AppStore|iPhoneSimulator.Build.0 = Release|x86
		{59D69633-7B4C-4641-83FE-BA9BB9DBB06B}.AppStore|iPhoneSimulator.Deploy.0 = Release|x86
		{59D69633-7B4C-4641-83FE-BA9BB9DBB06B}.AppStore|x64.ActiveCfg = Release|x64
		{59D69633-7B4C-4641-83FE-BA9BB9DBB06B}.AppStore|x64.Build.0 = Release|x64
		{59D69633-7B4C-4641-83FE-BA9BB9DBB06B}.AppStore|x64.Deploy.0 = Release|x64
		{59D69633-7B4C-4641-83FE-BA9BB9DBB06B}.AppStore|x86.ActiveCfg = Release|x86
		{59D69633-7B4C-4641-83FE-BA9BB9DBB06B}.AppStore|x86.Build.0 = Release|x86
		{59D69633-7B4C-4641-83FE-BA9BB9DBB06B}.AppStore|x86.Deploy.0 = Release|x86
		{59D69633-7B4C-4641-83FE-BA9BB9DBB06B}.Debug|Any CPU.ActiveCfg = Debug|x86
		{59D69633-7B4C-4641-83FE-BA9BB9DBB06B}.Debug|Any CPU.Build.0 = Debug|x86
		{59D69633-7B4C-4641-83FE-BA9BB9DBB06B}.Debug|Any CPU.Deploy.0 = Debug|x86
		{59D69633-7B4C-4641-83FE-BA9BB9DBB06B}.Debug|ARM.ActiveCfg = Debug|ARM
		{59D69633-7B4C-4641-83FE-BA9BB9DBB06B}.Debug|ARM.Build.0 = Debug|ARM
		{59D69633-7B4C-4641-83FE-BA9BB9DBB06B}.Debug|ARM.Deploy.0 = Debug|ARM
		{59D69633-7B4C-4641-83FE-BA9BB9DBB06B}.Debug|iPhone.ActiveCfg = Debug|x86
		{59D69633-7B4C-4641-83FE-BA9BB9DBB06B}.Debug|iPhone.Build.0 = Debug|x86
		{59D69633-7B4C-4641-83FE-BA9BB9DBB06B}.Debug|iPhone.Deploy.0 = Debug|x86
		{59D69633-7B4C-4641-83FE-BA9BB9DBB06B}.Debug|iPhoneSimulator.ActiveCfg = Debug|x86
		{59D69633-7B4C-4641-83FE-BA9BB9DBB06B}.Debug|iPhoneSimulator.Build.0 = Debug|x86
		{59D69633-7B4C-4641-83FE-BA9BB9DBB06B}.Debug|iPhoneSimulator.Deploy.0 = Debug|x86
		{59D69633-7B4C-4641-83FE-BA9BB9DBB06B}.Debug|x64.ActiveCfg = Debug|x64
		{59D69633-7B4C-4641-83FE-BA9BB9DBB06B}.Debug|x64.Build.0 = Debug|x64
		{59D69633-7B4C-4641-83FE-BA9BB9DBB06B}.Debug|x64.Deploy.0 = Debug|x64
		{59D69633-7B4C-4641-83FE-BA9BB9DBB06B}.Debug|x86.ActiveCfg = Debug|x86
		{59D69633-7B4C-4641-83FE-BA9BB9DBB06B}.Debug|x86.Build.0 = Debug|x86
		{59D69633-7B4C-4641-83FE-BA9BB9DBB06B}.Debug|x86.Deploy.0 = Debug|x86
		{59D69633-7B4C-4641-83FE-BA9BB9DBB06B}.Release|Any CPU.ActiveCfg = Release|x86
		{59D69633-7B4C-4641-83FE-BA9BB9DBB06B}.Release|Any CPU.Build.0 = Release|x86
		{59D69633-7B4C-4641-83FE-BA9BB9DBB06B}.Release|Any CPU.Deploy.0 = Release|x86
		{59D69633-7B4C-4641-83FE-BA9BB9DBB06B}.Release|ARM.ActiveCfg = Release|ARM
		{59D69633-7B4C-4641-83FE-BA9BB9DBB06B}.Release|ARM.Build.0 = Release|ARM
		{59D69633-7B4C-4641-83FE-BA9BB9DBB06B}.Release|ARM.Deploy.0 = Release|ARM
		{59D69633-7B4C-4641-83FE-BA9BB9DBB06B}.Release|iPhone.ActiveCfg = Release|x86
		{59D69633-7B4C-4641-83FE-BA9BB9DBB06B}.Release|iPhone.Build.0 = Release|x86
		{59D69633-7B4C-4641-83FE-BA9BB9DBB06B}.Release|iPhone.Deploy.0 = Release|x86
		{59D69633-7B4C-4641-83FE-BA9BB9DBB06B}.Release|iPhoneSimulator.ActiveCfg = Release|x86
		{59D69633-7B4C-4641-83FE-BA9BB9DBB06B}.Release|iPhoneSimulator.Build.0 = Release|x86
		{59D69633-7B4C-4641-83FE-BA9BB9DBB06B}.Release|iPhoneSimulator.Deploy.0 = Release|x86
		{59D69633-7B4C-4641-83FE-BA9BB9DBB06B}.Release|x64.ActiveCfg = Release|x64
		{59D69633-7B4C-4641-83FE-BA9BB9DBB06B}.Release|x64.Build.0 = Release|x64
		{59D69633-7B4C-4641-83FE-BA9BB9DBB06B}.Release|x64.Deploy.0 = Release|x64
		{59D69633-7B4C-4641-83FE-BA9BB9DBB06B}.Release|x86.ActiveCfg = Release|x86
		{59D69633-7B4C-4641-83FE-BA9BB9DBB06B}.Release|x86.Build.0 = Release|x86
		{59D69633-7B4C-4641-83FE-BA9BB9DBB06B}.Release|x86.Deploy.0 = Release|x86
		{8D609AA6-55CA-4C5A-9CE3-A9BEB8C2CC50}.Ad-Hoc|Any CPU.ActiveCfg = Debug|Any CPU
		{8D609AA6-55CA-4C5A-9CE3-A9BEB8C2CC50}.Ad-Hoc|Any CPU.Build.0 = Debug|Any CPU
		{8D609AA6-55CA-4C5A-9CE3-A9BEB8C2CC50}.Ad-Hoc|Any CPU.Deploy.0 = Debug|Any CPU
		{8D609AA6-55CA-4C5A-9CE3-A9BEB8C2CC50}.Ad-Hoc|ARM.ActiveCfg = Debug|Any CPU
		{8D609AA6-55CA-4C5A-9CE3-A9BEB8C2CC50}.Ad-Hoc|ARM.Build.0 = Debug|Any CPU
		{8D609AA6-55CA-4C5A-9CE3-A9BEB8C2CC50}.Ad-Hoc|ARM.Deploy.0 = Debug|Any CPU
		{8D609AA6-55CA-4C5A-9CE3-A9BEB8C2CC50}.Ad-Hoc|iPhone.ActiveCfg = Debug|Any CPU
		{8D609AA6-55CA-4C5A-9CE3-A9BEB8C2CC50}.Ad-Hoc|iPhone.Build.0 = Debug|Any CPU
		{8D609AA6-55CA-4C5A-9CE3-A9BEB8C2CC50}.Ad-Hoc|iPhone.Deploy.0 = Debug|Any CPU
		{8D609AA6-55CA-4C5A-9CE3-A9BEB8C2CC50}.Ad-Hoc|iPhoneSimulator.ActiveCfg = Debug|Any CPU
		{8D609AA6-55CA-4C5A-9CE3-A9BEB8C2CC50}.Ad-Hoc|iPhoneSimulator.Build.0 = Debug|Any CPU
		{8D609AA6-55CA-4C5A-9CE3-A9BEB8C2CC50}.Ad-Hoc|iPhoneSimulator.Deploy.0 = Debug|Any CPU
		{8D609AA6-55CA-4C5A-9CE3-A9BEB8C2CC50}.Ad-Hoc|x64.ActiveCfg = Debug|Any CPU
		{8D609AA6-55CA-4C5A-9CE3-A9BEB8C2CC50}.Ad-Hoc|x64.Build.0 = Debug|Any CPU
		{8D609AA6-55CA-4C5A-9CE3-A9BEB8C2CC50}.Ad-Hoc|x64.Deploy.0 = Debug|Any CPU
		{8D609AA6-55CA-4C5A-9CE3-A9BEB8C2CC50}.Ad-Hoc|x86.ActiveCfg = Debug|Any CPU
		{8D609AA6-55CA-4C5A-9CE3-A9BEB8C2CC50}.Ad-Hoc|x86.Build.0 = Debug|Any CPU
		{8D609AA6-55CA-4C5A-9CE3-A9BEB8C2CC50}.Ad-Hoc|x86.Deploy.0 = Debug|Any CPU
		{8D609AA6-55CA-4C5A-9CE3-A9BEB8C2CC50}.AppStore|Any CPU.ActiveCfg = Debug|Any CPU
		{8D609AA6-55CA-4C5A-9CE3-A9BEB8C2CC50}.AppStore|Any CPU.Build.0 = Debug|Any CPU
		{8D609AA6-55CA-4C5A-9CE3-A9BEB8C2CC50}.AppStore|Any CPU.Deploy.0 = Debug|Any CPU
		{8D609AA6-55CA-4C5A-9CE3-A9BEB8C2CC50}.AppStore|ARM.ActiveCfg = Debug|Any CPU
		{8D609AA6-55CA-4C5A-9CE3-A9BEB8C2CC50}.AppStore|ARM.Build.0 = Debug|Any CPU
		{8D609AA6-55CA-4C5A-9CE3-A9BEB8C2CC50}.AppStore|ARM.Deploy.0 = Debug|Any CPU
		{8D609AA6-55CA-4C5A-9CE3-A9BEB8C2CC50}.AppStore|iPhone.ActiveCfg = Debug|Any CPU
		{8D609AA6-55CA-4C5A-9CE3-A9BEB8C2CC50}.AppStore|iPhone.Build.0 = Debug|Any CPU
		{8D609AA6-55CA-4C5A-9CE3-A9BEB8C2CC50}.AppStore|iPhone.Deploy.0 = Debug|Any CPU
		{8D609AA6-55CA-4C5A-9CE3-A9BEB8C2CC50}.AppStore|iPhoneSimulator.ActiveCfg = Debug|Any CPU
		{8D609AA6-55CA-4C5A-9CE3-A9BEB8C2CC50}.AppStore|iPhoneSimulator.Build.0 = Debug|Any CPU
		{8D609AA6-55CA-4C5A-9CE3-A9BEB8C2CC50}.AppStore|iPhoneSimulator.Deploy.0 = Debug|Any CPU
		{8D609AA6-55CA-4C5A-9CE3-A9BEB8C2CC50}.AppStore|x64.ActiveCfg = Debug|Any CPU
		{8D609AA6-55CA-4C5A-9CE3-A9BEB8C2CC50}.AppStore|x64.Build.0 = Debug|Any CPU
		{8D609AA6-55CA-4C5A-9CE3-A9BEB8C2CC50}.AppStore|x64.Deploy.0 = Debug|Any CPU
		{8D609AA6-55CA-4C5A-9CE3-A9BEB8C2CC50}.AppStore|x86.ActiveCfg = Debug|Any CPU
		{8D609AA6-55CA-4C5A-9CE3-A9BEB8C2CC50}.AppStore|x86.Build.0 = Debug|Any CPU
		{8D609AA6-55CA-4C5A-9CE3-A9BEB8C2CC50}.AppStore|x86.Deploy.0 = Debug|Any CPU
		{8D609AA6-55CA-4C5A-9CE3-A9BEB8C2CC50}.Debug|Any CPU.ActiveCfg = Debug|Any CPU
		{8D609AA6-55CA-4C5A-9CE3-A9BEB8C2CC50}.Debug|Any CPU.Build.0 = Debug|Any CPU
		{8D609AA6-55CA-4C5A-9CE3-A9BEB8C2CC50}.Debug|Any CPU.Deploy.0 = Debug|Any CPU
		{8D609AA6-55CA-4C5A-9CE3-A9BEB8C2CC50}.Debug|ARM.ActiveCfg = Debug|Any CPU
		{8D609AA6-55CA-4C5A-9CE3-A9BEB8C2CC50}.Debug|ARM.Build.0 = Debug|Any CPU
		{8D609AA6-55CA-4C5A-9CE3-A9BEB8C2CC50}.Debug|ARM.Deploy.0 = Debug|Any CPU
		{8D609AA6-55CA-4C5A-9CE3-A9BEB8C2CC50}.Debug|iPhone.ActiveCfg = Debug|Any CPU
		{8D609AA6-55CA-4C5A-9CE3-A9BEB8C2CC50}.Debug|iPhone.Build.0 = Debug|Any CPU
		{8D609AA6-55CA-4C5A-9CE3-A9BEB8C2CC50}.Debug|iPhone.Deploy.0 = Debug|Any CPU
		{8D609AA6-55CA-4C5A-9CE3-A9BEB8C2CC50}.Debug|iPhoneSimulator.ActiveCfg = Debug|Any CPU
		{8D609AA6-55CA-4C5A-9CE3-A9BEB8C2CC50}.Debug|iPhoneSimulator.Build.0 = Debug|Any CPU
		{8D609AA6-55CA-4C5A-9CE3-A9BEB8C2CC50}.Debug|iPhoneSimulator.Deploy.0 = Debug|Any CPU
		{8D609AA6-55CA-4C5A-9CE3-A9BEB8C2CC50}.Debug|x64.ActiveCfg = Debug|Any CPU
		{8D609AA6-55CA-4C5A-9CE3-A9BEB8C2CC50}.Debug|x64.Build.0 = Debug|Any CPU
		{8D609AA6-55CA-4C5A-9CE3-A9BEB8C2CC50}.Debug|x64.Deploy.0 = Debug|Any CPU
		{8D609AA6-55CA-4C5A-9CE3-A9BEB8C2CC50}.Debug|x86.ActiveCfg = Debug|Any CPU
		{8D609AA6-55CA-4C5A-9CE3-A9BEB8C2CC50}.Debug|x86.Build.0 = Debug|Any CPU
		{8D609AA6-55CA-4C5A-9CE3-A9BEB8C2CC50}.Debug|x86.Deploy.0 = Debug|Any CPU
		{8D609AA6-55CA-4C5A-9CE3-A9BEB8C2CC50}.Release|Any CPU.ActiveCfg = Release|Any CPU
		{8D609AA6-55CA-4C5A-9CE3-A9BEB8C2CC50}.Release|Any CPU.Build.0 = Release|Any CPU
		{8D609AA6-55CA-4C5A-9CE3-A9BEB8C2CC50}.Release|Any CPU.Deploy.0 = Release|Any CPU
		{8D609AA6-55CA-4C5A-9CE3-A9BEB8C2CC50}.Release|ARM.ActiveCfg = Release|Any CPU
		{8D609AA6-55CA-4C5A-9CE3-A9BEB8C2CC50}.Release|ARM.Build.0 = Release|Any CPU
		{8D609AA6-55CA-4C5A-9CE3-A9BEB8C2CC50}.Release|ARM.Deploy.0 = Release|Any CPU
		{8D609AA6-55CA-4C5A-9CE3-A9BEB8C2CC50}.Release|iPhone.ActiveCfg = Release|Any CPU
		{8D609AA6-55CA-4C5A-9CE3-A9BEB8C2CC50}.Release|iPhone.Build.0 = Release|Any CPU
		{8D609AA6-55CA-4C5A-9CE3-A9BEB8C2CC50}.Release|iPhone.Deploy.0 = Release|Any CPU
		{8D609AA6-55CA-4C5A-9CE3-A9BEB8C2CC50}.Release|iPhoneSimulator.ActiveCfg = Release|Any CPU
		{8D609AA6-55CA-4C5A-9CE3-A9BEB8C2CC50}.Release|iPhoneSimulator.Build.0 = Release|Any CPU
		{8D609AA6-55CA-4C5A-9CE3-A9BEB8C2CC50}.Release|iPhoneSimulator.Deploy.0 = Release|Any CPU
		{8D609AA6-55CA-4C5A-9CE3-A9BEB8C2CC50}.Release|x64.ActiveCfg = Release|Any CPU
		{8D609AA6-55CA-4C5A-9CE3-A9BEB8C2CC50}.Release|x64.Build.0 = Release|Any CPU
		{8D609AA6-55CA-4C5A-9CE3-A9BEB8C2CC50}.Release|x64.Deploy.0 = Release|Any CPU
		{8D609AA6-55CA-4C5A-9CE3-A9BEB8C2CC50}.Release|x86.ActiveCfg = Release|Any CPU
		{8D609AA6-55CA-4C5A-9CE3-A9BEB8C2CC50}.Release|x86.Build.0 = Release|Any CPU
		{8D609AA6-55CA-4C5A-9CE3-A9BEB8C2CC50}.Release|x86.Deploy.0 = Release|Any CPU
	EndGlobalSection
	GlobalSection(SolutionProperties) = preSolution
		HideSolutionNode = FALSE
	EndGlobalSection
	GlobalSection(ExtensibilityGlobals) = postSolution
		SolutionGuid = {E4866F3D-4F0D-4D81-BEAC-789427D47274}
	EndGlobalSection
EndGlobal
